
Microsoft Visual Studio Solution File, Format Version 12.00
# Visual Studio Version 17
VisualStudioVersion = 17.5.002.0
MinimumVisualStudioVersion = 10.0.40219.1
Project("{9A19103F-16F7-4668-BE54-9A1E7A4F7556}") = "ADSHomework", "ADSHomework.csproj", "{C2219AB0-BBEC-421C-8443-082899D5A7AA}"
EndProject
Global
	GlobalSection(SolutionConfigurationPlatforms) = preSolution
		Debug|Any CPU = Debug|Any CPU
		Release|Any CPU = Release|Any CPU
	EndGlobalSection
	GlobalSection(ProjectConfigurationPlatforms) = postSolution
		{C2219AB0-BBEC-421C-8443-082899D5A7AA}.Debug|Any CPU.ActiveCfg = Debug|Any CPU
		{C2219AB0-BBEC-421C-8443-082899D5A7AA}.Debug|Any CPU.Build.0 = Debug|Any CPU
		{C2219AB0-BBEC-421C-8443-082899D5A7AA}.Release|Any CPU.ActiveCfg = Release|Any CPU
		{C2219AB0-BBEC-421C-8443-082899D5A7AA}.Release|Any CPU.Build.0 = Release|Any CPU
	EndGlobalSection
	GlobalSection(SolutionProperties) = preSolution
		HideSolutionNode = FALSE
	EndGlobalSection
	GlobalSection(ExtensibilityGlobals) = postSolution
		SolutionGuid = {8DABB471-A299-4AE9-A28C-9BD48B4442EF}
	EndGlobalSection
EndGlobal
